// !$*UTF8*$!
{
	archiveVersion = 1;
	classes = {
	};
	objectVersion = 56;
	objects = {

/* Begin PBXBuildFile section */
		21B0B3112BDCCB4D00ADAD6C /* Post.swift in Sources */ = {isa = PBXBuildFile; fileRef = 21B0B3102BDCCB4D00ADAD6C /* Post.swift */; };
		21B0B3132BDCD6B100ADAD6C /* PostCell.swift in Sources */ = {isa = PBXBuildFile; fileRef = 21B0B3122BDCD6B100ADAD6C /* PostCell.swift */; };
		21B0B3152BDCE1C300ADAD6C /* PostDetailsViewController.swift in Sources */ = {isa = PBXBuildFile; fileRef = 21B0B3142BDCE1C300ADAD6C /* PostDetailsViewController.swift */; };
		21B20F0B2BDBE586004D5350 /* AppDelegate.swift in Sources */ = {isa = PBXBuildFile; fileRef = 21B20F0A2BDBE586004D5350 /* AppDelegate.swift */; };
		21B20F0D2BDBE586004D5350 /* SceneDelegate.swift in Sources */ = {isa = PBXBuildFile; fileRef = 21B20F0C2BDBE586004D5350 /* SceneDelegate.swift */; };
		21B20F0F2BDBE586004D5350 /* PostsListViewController.swift in Sources */ = {isa = PBXBuildFile; fileRef = 21B20F0E2BDBE586004D5350 /* PostsListViewController.swift */; };
		21B20F122BDBE586004D5350 /* Base in Resources */ = {isa = PBXBuildFile; fileRef = 21B20F112BDBE586004D5350 /* Base */; };
		21B20F142BDBE587004D5350 /* Assets.xcassets in Resources */ = {isa = PBXBuildFile; fileRef = 21B20F132BDBE587004D5350 /* Assets.xcassets */; };
		21B20F172BDBE587004D5350 /* Base in Resources */ = {isa = PBXBuildFile; fileRef = 21B20F162BDBE587004D5350 /* Base */; };
		21B20F1F2BDBE7EF004D5350 /* AppCoordinator.swift in Sources */ = {isa = PBXBuildFile; fileRef = 21B20F1E2BDBE7EF004D5350 /* AppCoordinator.swift */; };
		21B20F212BDBEE44004D5350 /* PostsListViewModel.swift in Sources */ = {isa = PBXBuildFile; fileRef = 21B20F202BDBEE44004D5350 /* PostsListViewModel.swift */; };
		21B20F232BDC14B3004D5350 /* FetchPostsService.swift in Sources */ = {isa = PBXBuildFile; fileRef = 21B20F222BDC14B3004D5350 /* FetchPostsService.swift */; };
/* End PBXBuildFile section */

/* Begin PBXFileReference section */
		21B0B3102BDCCB4D00ADAD6C /* Post.swift */ = {isa = PBXFileReference; lastKnownFileType = sourcecode.swift; path = Post.swift; sourceTree = "<group>"; };
		21B0B3122BDCD6B100ADAD6C /* PostCell.swift */ = {isa = PBXFileReference; lastKnownFileType = sourcecode.swift; path = PostCell.swift; sourceTree = "<group>"; };
		21B0B3142BDCE1C300ADAD6C /* PostDetailsViewController.swift */ = {isa = PBXFileReference; lastKnownFileType = sourcecode.swift; path = PostDetailsViewController.swift; sourceTree = "<group>"; };
		21B20F072BDBE586004D5350 /* MVVM-C.app */ = {isa = PBXFileReference; explicitFileType = wrapper.application; includeInIndex = 0; path = "MVVM-C.app"; sourceTree = BUILT_PRODUCTS_DIR; };
		21B20F0A2BDBE586004D5350 /* AppDelegate.swift */ = {isa = PBXFileReference; lastKnownFileType = sourcecode.swift; path = AppDelegate.swift; sourceTree = "<group>"; };
		21B20F0C2BDBE586004D5350 /* SceneDelegate.swift */ = {isa = PBXFileReference; lastKnownFileType = sourcecode.swift; path = SceneDelegate.swift; sourceTree = "<group>"; };
		21B20F0E2BDBE586004D5350 /* PostsListViewController.swift */ = {isa = PBXFileReference; lastKnownFileType = sourcecode.swift; path = PostsListViewController.swift; sourceTree = "<group>"; };
		21B20F112BDBE586004D5350 /* Base */ = {isa = PBXFileReference; lastKnownFileType = file.storyboard; name = Base; path = Base.lproj/Main.storyboard; sourceTree = "<group>"; };
		21B20F132BDBE587004D5350 /* Assets.xcassets */ = {isa = PBXFileReference; lastKnownFileType = folder.assetcatalog; path = Assets.xcassets; sourceTree = "<group>"; };
		21B20F162BDBE587004D5350 /* Base */ = {isa = PBXFileReference; lastKnownFileType = file.storyboard; name = Base; path = Base.lproj/LaunchScreen.storyboard; sourceTree = "<group>"; };
		21B20F182BDBE587004D5350 /* Info.plist */ = {isa = PBXFileReference; lastKnownFileType = text.plist.xml; path = Info.plist; sourceTree = "<group>"; };
		21B20F1E2BDBE7EF004D5350 /* AppCoordinator.swift */ = {isa = PBXFileReference; lastKnownFileType = sourcecode.swift; path = AppCoordinator.swift; sourceTree = "<group>"; };
		21B20F202BDBEE44004D5350 /* PostsListViewModel.swift */ = {isa = PBXFileReference; lastKnownFileType = sourcecode.swift; path = PostsListViewModel.swift; sourceTree = "<group>"; };
		21B20F222BDC14B3004D5350 /* FetchPostsService.swift */ = {isa = PBXFileReference; lastKnownFileType = sourcecode.swift; path = FetchPostsService.swift; sourceTree = "<group>"; };
/* End PBXFileReference section */

/* Begin PBXFrameworksBuildPhase section */
		21B20F042BDBE586004D5350 /* Frameworks */ = {
			isa = PBXFrameworksBuildPhase;
			buildActionMask = 2147483647;
			files = (
			);
			runOnlyForDeploymentPostprocessing = 0;
		};
/* End PBXFrameworksBuildPhase section */

/* Begin PBXGroup section */
		21B20EFE2BDBE586004D5350 = {
			isa = PBXGroup;
			children = (
				21B20F092BDBE586004D5350 /* MVVM-C */,
				21B20F082BDBE586004D5350 /* Products */,
			);
			sourceTree = "<group>";
		};
		21B20F082BDBE586004D5350 /* Products */ = {
			isa = PBXGroup;
			children = (
				21B20F072BDBE586004D5350 /* MVVM-C.app */,
			);
			name = Products;
			sourceTree = "<group>";
		};
		21B20F092BDBE586004D5350 /* MVVM-C */ = {
			isa = PBXGroup;
			children = (
				21B20F0A2BDBE586004D5350 /* AppDelegate.swift */,
				21B20F0C2BDBE586004D5350 /* SceneDelegate.swift */,
				21B0B3102BDCCB4D00ADAD6C /* Post.swift */,
				21B20F1E2BDBE7EF004D5350 /* AppCoordinator.swift */,
				21B20F202BDBEE44004D5350 /* PostsListViewModel.swift */,
				21B20F222BDC14B3004D5350 /* FetchPostsService.swift */,
				21B20F0E2BDBE586004D5350 /* PostsListViewController.swift */,
				21B0B3142BDCE1C300ADAD6C /* PostDetailsViewController.swift */,
				21B0B3122BDCD6B100ADAD6C /* PostCell.swift */,
				21B20F102BDBE586004D5350 /* Main.storyboard */,
				21B20F132BDBE587004D5350 /* Assets.xcassets */,
				21B20F152BDBE587004D5350 /* LaunchScreen.storyboard */,
				21B20F182BDBE587004D5350 /* Info.plist */,
			);
			path = "MVVM-C";
			sourceTree = "<group>";
		};
/* End PBXGroup section */

/* Begin PBXNativeTarget section */
		21B20F062BDBE586004D5350 /* MVVM-C */ = {
			isa = PBXNativeTarget;
			buildConfigurationList = 21B20F1B2BDBE587004D5350 /* Build configuration list for PBXNativeTarget "MVVM-C" */;
			buildPhases = (
				21B20F032BDBE586004D5350 /* Sources */,
				21B20F042BDBE586004D5350 /* Frameworks */,
				21B20F052BDBE586004D5350 /* Resources */,
			);
			buildRules = (
			);
			dependencies = (
			);
			name = "MVVM-C";
			productName = MyDataMachine;
			productReference = 21B20F072BDBE586004D5350 /* MVVM-C.app */;
			productType = "com.apple.product-type.application";
		};
/* End PBXNativeTarget section */

/* Begin PBXProject section */
		21B20EFF2BDBE586004D5350 /* Project object */ = {
			isa = PBXProject;
			attributes = {
				BuildIndependentTargetsInParallel = 1;
				LastSwiftUpdateCheck = 1530;
				LastUpgradeCheck = 1530;
				TargetAttributes = {
					21B20F062BDBE586004D5350 = {
						CreatedOnToolsVersion = 15.3;
					};
				};
			};
			buildConfigurationList = 21B20F022BDBE586004D5350 /* Build configuration list for PBXProject "MVVM-C" */;
			compatibilityVersion = "Xcode 14.0";
			developmentRegion = en;
			hasScannedForEncodings = 0;
			knownRegions = (
				en,
				Base,
			);
			mainGroup = 21B20EFE2BDBE586004D5350;
			productRefGroup = 21B20F082BDBE586004D5350 /* Products */;
			projectDirPath = "";
			projectRoot = "";
			targets = (
				21B20F062BDBE586004D5350 /* MVVM-C */,
			);
		};
/* End PBXProject section */

/* Begin PBXResourcesBuildPhase section */
		21B20F052BDBE586004D5350 /* Resources */ = {
			isa = PBXResourcesBuildPhase;
			buildActionMask = 2147483647;
			files = (
				21B20F142BDBE587004D5350 /* Assets.xcassets in Resources */,
				21B20F172BDBE587004D5350 /* Base in Resources */,
				21B20F122BDBE586004D5350 /* Base in Resources */,
			);
			runOnlyForDeploymentPostprocessing = 0;
		};
/* End PBXResourcesBuildPhase section */

/* Begin PBXSourcesBuildPhase section */
		21B20F032BDBE586004D5350 /* Sources */ = {
			isa = PBXSourcesBuildPhase;
			buildActionMask = 2147483647;
			files = (
				21B20F1F2BDBE7EF004D5350 /* AppCoordinator.swift in Sources */,
				21B20F212BDBEE44004D5350 /* PostsListViewModel.swift in Sources */,
				21B20F0F2BDBE586004D5350 /* PostsListViewController.swift in Sources */,
				21B0B3152BDCE1C300ADAD6C /* PostDetailsViewController.swift in Sources */,
				21B20F0B2BDBE586004D5350 /* AppDelegate.swift in Sources */,
				21B20F232BDC14B3004D5350 /* FetchPostsService.swift in Sources */,
				21B0B3112BDCCB4D00ADAD6C /* Post.swift in Sources */,
				21B20F0D2BDBE586004D5350 /* SceneDelegate.swift in Sources */,
				21B0B3132BDCD6B100ADAD6C /* PostCell.swift in Sources */,
			);
			runOnlyForDeploymentPostprocessing = 0;
		};
/* End PBXSourcesBuildPhase section */

/* Begin PBXVariantGroup section */
		21B20F102BDBE586004D5350 /* Main.storyboard */ = {
			isa = PBXVariantGroup;
			children = (
				21B20F112BDBE586004D5350 /* Base */,
			);
			name = Main.storyboard;
			sourceTree = "<group>";
		};
		21B20F152BDBE587004D5350 /* LaunchScreen.storyboard */ = {
			isa = PBXVariantGroup;
			children = (
				21B20F162BDBE587004D5350 /* Base */,
			);
			name = LaunchScreen.storyboard;
			sourceTree = "<group>";
		};
/* End PBXVariantGroup section */

/* Begin XCBuildConfiguration section */
		21B20F192BDBE587004D5350 /* Debug */ = {
			isa = XCBuildConfiguration;
			buildSettings = {
				ALWAYS_SEARCH_USER_PATHS = NO;
				ASSETCATALOG_COMPILER_GENERATE_SWIFT_ASSET_SYMBOL_EXTENSIONS = YES;
				CLANG_ANALYZER_NONNULL = YES;
				CLANG_ANALYZER_NUMBER_OBJECT_CONVERSION = YES_AGGRESSIVE;
				CLANG_CXX_LANGUAGE_STANDARD = "gnu++20";
				CLANG_ENABLE_MODULES = YES;
				CLANG_ENABLE_OBJC_ARC = YES;
				CLANG_ENABLE_OBJC_WEAK = YES;
				CLANG_WARN_BLOCK_CAPTURE_AUTORELEASING = YES;
				CLANG_WARN_BOOL_CONVERSION = YES;
				CLANG_WARN_COMMA = YES;
				CLANG_WARN_CONSTANT_CONVERSION = YES;
				CLANG_WARN_DEPRECATED_OBJC_IMPLEMENTATIONS = YES;
				CLANG_WARN_DIRECT_OBJC_ISA_USAGE = YES_ERROR;
				CLANG_WARN_DOCUMENTATION_COMMENTS = YES;
				CLANG_WARN_EMPTY_BODY = YES;
				CLANG_WARN_ENUM_CONVERSION = YES;
				CLANG_WARN_INFINITE_RECURSION = YES;
				CLANG_WARN_INT_CONVERSION = YES;
				CLANG_WARN_NON_LITERAL_NULL_CONVERSION = YES;
				CLANG_WARN_OBJC_IMPLICIT_RETAIN_SELF = YES;
				CLANG_WARN_OBJC_LITERAL_CONVERSION = YES;
				CLANG_WARN_OBJC_ROOT_CLASS = YES_ERROR;
				CLANG_WARN_QUOTED_INCLUDE_IN_FRAMEWORK_HEADER = YES;
				CLANG_WARN_RANGE_LOOP_ANALYSIS = YES;
				CLANG_WARN_STRICT_PROTOTYPES = YES;
				CLANG_WARN_SUSPICIOUS_MOVE = YES;
				CLANG_WARN_UNGUARDED_AVAILABILITY = YES_AGGRESSIVE;
				CLANG_WARN_UNREACHABLE_CODE = YES;
				CLANG_WARN__DUPLICATE_METHOD_MATCH = YES;
				COPY_PHASE_STRIP = NO;
				DEBUG_INFORMATION_FORMAT = dwarf;
				ENABLE_STRICT_OBJC_MSGSEND = YES;
				ENABLE_TESTABILITY = YES;
				ENABLE_USER_SCRIPT_SANDBOXING = YES;
				GCC_C_LANGUAGE_STANDARD = gnu17;
				GCC_DYNAMIC_NO_PIC = NO;
				GCC_NO_COMMON_BLOCKS = YES;
				GCC_OPTIMIZATION_LEVEL = 0;
				GCC_PREPROCESSOR_DEFINITIONS = (
					"DEBUG=1",
					"$(inherited)",
				);
				GCC_WARN_64_TO_32_BIT_CONVERSION = YES;
				GCC_WARN_ABOUT_RETURN_TYPE = YES_ERROR;
				GCC_WARN_UNDECLARED_SELECTOR = YES;
				GCC_WARN_UNINITIALIZED_AUTOS = YES_AGGRESSIVE;
				GCC_WARN_UNUSED_FUNCTION = YES;
				GCC_WARN_UNUSED_VARIABLE = YES;
				IPHONEOS_DEPLOYMENT_TARGET = 17.4;
				LOCALIZATION_PREFERS_STRING_CATALOGS = YES;
				MTL_ENABLE_DEBUG_INFO = INCLUDE_SOURCE;
				MTL_FAST_MATH = YES;
				ONLY_ACTIVE_ARCH = YES;
				SDKROOT = iphoneos;
				SWIFT_ACTIVE_COMPILATION_CONDITIONS = "DEBUG $(inherited)";
				SWIFT_OPTIMIZATION_LEVEL = "-Onone";
			};
			name = Debug;
		};
		21B20F1A2BDBE587004D5350 /* Release */ = {
			isa = XCBuildConfiguration;
			buildSettings = {
				ALWAYS_SEARCH_USER_PATHS = NO;
				ASSETCATALOG_COMPILER_GENERATE_SWIFT_ASSET_SYMBOL_EXTENSIONS = YES;
				CLANG_ANALYZER_NONNULL = YES;
				CLANG_ANALYZER_NUMBER_OBJECT_CONVERSION = YES_AGGRESSIVE;
				CLANG_CXX_LANGUAGE_STANDARD = "gnu++20";
				CLANG_ENABLE_MODULES = YES;
				CLANG_ENABLE_OBJC_ARC = YES;
				CLANG_ENABLE_OBJC_WEAK = YES;
				CLANG_WARN_BLOCK_CAPTURE_AUTORELEASING = YES;
				CLANG_WARN_BOOL_CONVERSION = YES;
				CLANG_WARN_COMMA = YES;
				CLANG_WARN_CONSTANT_CONVERSION = YES;
				CLANG_WARN_DEPRECATED_OBJC_IMPLEMENTATIONS = YES;
				CLANG_WARN_DIRECT_OBJC_ISA_USAGE = YES_ERROR;
				CLANG_WARN_DOCUMENTATION_COMMENTS = YES;
				CLANG_WARN_EMPTY_BODY = YES;
				CLANG_WARN_ENUM_CONVERSION = YES;
				CLANG_WARN_INFINITE_RECURSION = YES;
				CLANG_WARN_INT_CONVERSION = YES;
				CLANG_WARN_NON_LITERAL_NULL_CONVERSION = YES;
				CLANG_WARN_OBJC_IMPLICIT_RETAIN_SELF = YES;
				CLANG_WARN_OBJC_LITERAL_CONVERSION = YES;
				CLANG_WARN_OBJC_ROOT_CLASS = YES_ERROR;
				CLANG_WARN_QUOTED_INCLUDE_IN_FRAMEWORK_HEADER = YES;
				CLANG_WARN_RANGE_LOOP_ANALYSIS = YES;
				CLANG_WARN_STRICT_PROTOTYPES = YES;
				CLANG_WARN_SUSPICIOUS_MOVE = YES;
				CLANG_WARN_UNGUARDED_AVAILABILITY = YES_AGGRESSIVE;
				CLANG_WARN_UNREACHABLE_CODE = YES;
				CLANG_WARN__DUPLICATE_METHOD_MATCH = YES;
				COPY_PHASE_STRIP = NO;
				DEBUG_INFORMATION_FORMAT = "dwarf-with-dsym";
				ENABLE_NS_ASSERTIONS = NO;
				ENABLE_STRICT_OBJC_MSGSEND = YES;
				ENABLE_USER_SCRIPT_SANDBOXING = YES;
				GCC_C_LANGUAGE_STANDARD = gnu17;
				GCC_NO_COMMON_BLOCKS = YES;
				GCC_WARN_64_TO_32_BIT_CONVERSION = YES;
				GCC_WARN_ABOUT_RETURN_TYPE = YES_ERROR;
				GCC_WARN_UNDECLARED_SELECTOR = YES;
				GCC_WARN_UNINITIALIZED_AUTOS = YES_AGGRESSIVE;
				GCC_WARN_UNUSED_FUNCTION = YES;
				GCC_WARN_UNUSED_VARIABLE = YES;
				IPHONEOS_DEPLOYMENT_TARGET = 17.4;
				LOCALIZATION_PREFERS_STRING_CATALOGS = YES;
				MTL_ENABLE_DEBUG_INFO = NO;
				MTL_FAST_MATH = YES;
				SDKROOT = iphoneos;
				SWIFT_COMPILATION_MODE = wholemodule;
				VALIDATE_PRODUCT = YES;
			};
			name = Release;
		};
		21B20F1C2BDBE587004D5350 /* Debug */ = {
			isa = XCBuildConfiguration;
			buildSettings = {
				ASSETCATALOG_COMPILER_APPICON_NAME = AppIcon;
				ASSETCATALOG_COMPILER_GLOBAL_ACCENT_COLOR_NAME = AccentColor;
				CODE_SIGN_STYLE = Automatic;
				CURRENT_PROJECT_VERSION = 1;
				DEVELOPMENT_TEAM = WLJYS226TP;
				GENERATE_INFOPLIST_FILE = YES;
				INFOPLIST_FILE = "MVVM-C/Info.plist";
				INFOPLIST_KEY_UIApplicationSupportsIndirectInputEvents = YES;
				INFOPLIST_KEY_UILaunchStoryboardName = LaunchScreen;
				INFOPLIST_KEY_UISupportedInterfaceOrientations_iPad = "UIInterfaceOrientationPortrait UIInterfaceOrientationPortraitUpsideDown UIInterfaceOrientationLandscapeLeft UIInterfaceOrientationLandscapeRight";
				INFOPLIST_KEY_UISupportedInterfaceOrientations_iPhone = "UIInterfaceOrientationPortrait UIInterfaceOrientationLandscapeLeft UIInterfaceOrientationLandscapeRight";
				LD_RUNPATH_SEARCH_PATHS = (
					"$(inherited)",
					"@executable_path/Frameworks",
				);
				MARKETING_VERSION = 1.0;
				PRODUCT_BUNDLE_IDENTIFIER = com.oae.MyDataMachine;
				PRODUCT_NAME = "$(TARGET_NAME)";
				SWIFT_EMIT_LOC_STRINGS = YES;
				SWIFT_VERSION = 5.0;
				TARGETED_DEVICE_FAMILY = "1,2";
			};
			name = Debug;
		};
		21B20F1D2BDBE587004D5350 /* Release */ = {
			isa = XCBuildConfiguration;
			buildSettings = {
				ASSETCATALOG_COMPILER_APPICON_NAME = AppIcon;
				ASSETCATALOG_COMPILER_GLOBAL_ACCENT_COLOR_NAME = AccentColor;
				CODE_SIGN_STYLE = Automatic;
				CURRENT_PROJECT_VERSION = 1;
				DEVELOPMENT_TEAM = WLJYS226TP;
				GENERATE_INFOPLIST_FILE = YES;
				INFOPLIST_FILE = "MVVM-C/Info.plist";
				INFOPLIST_KEY_UIApplicationSupportsIndirectInputEvents = YES;
				INFOPLIST_KEY_UILaunchStoryboardName = LaunchScreen;
				INFOPLIST_KEY_UISupportedInterfaceOrientations_iPad = "UIInterfaceOrientationPortrait UIInterfaceOrientationPortraitUpsideDown UIInterfaceOrientationLandscapeLeft UIInterfaceOrientationLandscapeRight";
				INFOPLIST_KEY_UISupportedInterfaceOrientations_iPhone = "UIInterfaceOrientationPortrait UIInterfaceOrientationLandscapeLeft UIInterfaceOrientationLandscapeRight";
				LD_RUNPATH_SEARCH_PATHS = (
					"$(inherited)",
					"@executable_path/Frameworks",
				);
				MARKETING_VERSION = 1.0;
				PRODUCT_BUNDLE_IDENTIFIER = com.oae.MyDataMachine;
				PRODUCT_NAME = "$(TARGET_NAME)";
				SWIFT_EMIT_LOC_STRINGS = YES;
				SWIFT_VERSION = 5.0;
				TARGETED_DEVICE_FAMILY = "1,2";
			};
			name = Release;
		};
/* End XCBuildConfiguration section */

/* Begin XCConfigurationList section */
		21B20F022BDBE586004D5350 /* Build configuration list for PBXProject "MVVM-C" */ = {
			isa = XCConfigurationList;
			buildConfigurations = (
				21B20F192BDBE587004D5350 /* Debug */,
				21B20F1A2BDBE587004D5350 /* Release */,
			);
			defaultConfigurationIsVisible = 0;
			defaultConfigurationName = Release;
		};
		21B20F1B2BDBE587004D5350 /* Build configuration list for PBXNativeTarget "MVVM-C" */ = {
			isa = XCConfigurationList;
			buildConfigurations = (
				21B20F1C2BDBE587004D5350 /* Debug */,
				21B20F1D2BDBE587004D5350 /* Release */,
			);
			defaultConfigurationIsVisible = 0;
			defaultConfigurationName = Release;
		};
/* End XCConfigurationList section */
	};
	rootObject = 21B20EFF2BDBE586004D5350 /* Project object */;
}
